<?xml version="1.0" encoding="utf-8"?>
<Project ToolsVersion="4.0" xmlns="http://schemas.microsoft.com/developer/msbuild/2003">
  <ItemGroup>
    <Filter Include="Source Files">
      <UniqueIdentifier>{4FC737F1-C7A5-4376-A066-2A32D752A2FF}</UniqueIdentifier>
      <Extensions>cpp;c;cc;cxx;def;odl;idl;hpj;bat;asm;asmx</Extensions>
    </Filter>
    <Filter Include="Header Files">
      <UniqueIdentifier>{93995380-89BD-4b04-88EB-625FBE52EBFB}</UniqueIdentifier>
      <Extensions>h;hpp;hxx;hm;inl;inc;xsd</Extensions>
    </Filter>
    <Filter Include="Resource Files">
      <UniqueIdentifier>{67DA6AB6-F800-4c08-8B7A-83BB121AAD01}</UniqueIdentifier>
      <Extensions>rc;ico;cur;bmp;dlg;rc2;rct;bin;rgs;gif;jpg;jpeg;jpe;resx;tiff;tif;png;wav;mfcribbon-ms</Extensions>
    </Filter>
    <Filter Include="Generated Files">
      <UniqueIdentifier>{9a115ee9-32bc-4ccd-b1fe-8e552252eb4d}</UniqueIdentifier>
      <SourceControlFiles>False</SourceControlFiles>
      <ParseFiles>false</ParseFiles>
    </Filter>
  </ItemGroup>
  <ItemGroup>
    <ClCompile Include="src\C++\AffineAlignment.cpp">
      <Filter>Source Files</Filter>
    </ClCompile>
    <ClCompile Include="src\C++\Coverage.cpp">
      <Filter>Source Files</Filter>
    </ClCompile>
    <ClCompile Include="src\C++\Feature.cpp">
      <Filter>Source Files</Filter>
    </ClCompile>
    <ClCompile Include="src\C++\Features.cpp">
      <Filter>Source Files</Filter>
    </ClCompile>
    <ClCompile Include="src\C++\Mutation.cpp">
      <Filter>Source Files</Filter>
    </ClCompile>
    <ClCompile Include="src\C++\PairwiseAlignment.cpp">
      <Filter>Source Files</Filter>
    </ClCompile>
    <ClCompile Include="src\C++\Sequence.cpp">
      <Filter>Source Files</Filter>
    </ClCompile>
    <ClCompile Include="src\C++\Utils.cpp">
      <Filter>Source Files</Filter>
    </ClCompile>
    <ClCompile Include="src\C++\Version.cpp">
      <Filter>Source Files</Filter>
    </ClCompile>
    <ClCompile Include="src\C++\Matrix\DenseMatrix.cpp">
      <Filter>Source Files</Filter>
    </ClCompile>
    <ClCompile Include="src\C++\Matrix\SparseMatrix.cpp">
      <Filter>Source Files</Filter>
    </ClCompile>
    <ClCompile Include="src\C++\Poa\PoaConfig.cpp">
      <Filter>Source Files</Filter>
    </ClCompile>
    <ClCompile Include="src\C++\Poa\PoaConsensus.cpp">
      <Filter>Source Files</Filter>
    </ClCompile>
    <ClCompile Include="src\C++\Poa\PoaGraph.cpp">
      <Filter>Source Files</Filter>
    </ClCompile>
    <ClCompile Include="src\C++\Quiver\Diploid.cpp">
      <Filter>Source Files</Filter>
    </ClCompile>
    <ClCompile Include="src\C++\Quiver\MultiReadMutationScorer.cpp">
      <Filter>Source Files</Filter>
    </ClCompile>
    <ClCompile Include="src\C++\Quiver\MutationScorer.cpp">
      <Filter>Source Files</Filter>
    </ClCompile>
    <ClCompile Include="src\C++\Quiver\QuiverConfig.cpp">
      <Filter>Source Files</Filter>
    </ClCompile>
    <ClCompile Include="src\C++\Quiver\ReadScorer.cpp">
      <Filter>Source Files</Filter>
    </ClCompile>
    <ClCompile Include="src\C++\Quiver\SimpleRecursor.cpp">
      <Filter>Source Files</Filter>
    </ClCompile>
    <ClCompile Include="src\C++\Quiver\SseRecursor.cpp">
      <Filter>Source Files</Filter>
    </ClCompile>
    <ClCompile Include="src\C++\Quiver\detail\RecursorBase.cpp">
      <Filter>Source Files</Filter>
    </ClCompile>
    <ClCompile Include="src\C++\Simulation\Random.cpp">
      <Filter>Source Files</Filter>
    </ClCompile>
    <ClCompile Include="src\C++\Simulation\Simulator.cpp">
      <Filter>Source Files</Filter>
    </ClCompile>
    <ClCompile Include="src\C++\Statistics\Binomial.cpp">
      <Filter>Source Files</Filter>
    </ClCompile>
    <ClCompile Include="build\CSharp\ConsensusCore_wrap.cxx">
      <Filter>Generated Files</Filter>
    </ClCompile>
    <ClCompile Include="src\C++\Read.cpp">
      <Filter>Source Files</Filter>
    </ClCompile>
    <ClCompile Include="src\C++\Edna\EdnaCounts.cpp">
      <Filter>Source Files</Filter>
    </ClCompile>
    <ClCompile Include="src\C++\Quiver\MutationEnumerator.cpp">
      <Filter>Source Files</Filter>
    </ClCompile>
    <ClCompile Include="src\C++\Quiver\QuiverConsensus.cpp">
      <Filter>Source Files</Filter>
    </ClCompile>
    <ClCompile Include="src\C++\Logging\Logging.cpp">
      <Filter>Source Files</Filter>
    </ClCompile>
    <ClCompile Include="src\C++\Checksum.cpp">
      <Filter>Source Files</Filter>
    </ClCompile>
  </ItemGroup>
  <ItemGroup>
    <ClInclude Include="src\C++\AffineAlignment.hpp">
      <Filter>Header Files</Filter>
    </ClInclude>
    <ClInclude Include="src\C++\Coverage.hpp">
      <Filter>Header Files</Filter>
    </ClInclude>
    <ClInclude Include="src\C++\Feature.hpp">
      <Filter>Header Files</Filter>
    </ClInclude>
    <ClInclude Include="src\C++\Features.hpp">
      <Filter>Header Files</Filter>
    </ClInclude>
    <ClInclude Include="src\C++\LFloat.hpp">
      <Filter>Header Files</Filter>
    </ClInclude>
    <ClInclude Include="src\C++\Mutation.hpp">
      <Filter>Header Files</Filter>
    </ClInclude>
    <ClInclude Include="src\C++\Mutation-inl.hpp">
      <Filter>Header Files</Filter>
    </ClInclude>
    <ClInclude Include="src\C++\PairwiseAlignment.hpp">
      <Filter>Header Files</Filter>
    </ClInclude>
    <ClInclude Include="src\C++\Sequence.hpp">
      <Filter>Header Files</Filter>
    </ClInclude>
    <ClInclude Include="src\C++\Types.hpp">
      <Filter>Header Files</Filter>
    </ClInclude>
    <ClInclude Include="src\C++\Utils.hpp">
      <Filter>Header Files</Filter>
    </ClInclude>
    <ClInclude Include="src\C++\Version.hpp">
      <Filter>Header Files</Filter>
    </ClInclude>
    <ClInclude Include="src\C++\Matrix\DenseMatrix.hpp">
      <Filter>Header Files</Filter>
    </ClInclude>
    <ClInclude Include="src\C++\Matrix\DenseMatrix-inl.hpp">
      <Filter>Header Files</Filter>
    </ClInclude>
    <ClInclude Include="src\C++\Matrix\SparseMatrix.hpp">
      <Filter>Header Files</Filter>
    </ClInclude>
    <ClInclude Include="src\C++\Matrix\SparseMatrix-inl.hpp">
      <Filter>Header Files</Filter>
    </ClInclude>
    <ClInclude Include="src\C++\Matrix\SparseVector.hpp">
      <Filter>Header Files</Filter>
    </ClInclude>
    <ClInclude Include="src\C++\Matrix\SparseVector-inl.hpp">
      <Filter>Header Files</Filter>
    </ClInclude>
    <ClInclude Include="src\C++\Poa\PoaConfig.hpp">
      <Filter>Header Files</Filter>
    </ClInclude>
    <ClInclude Include="src\C++\Poa\PoaConsensus.hpp">
      <Filter>Header Files</Filter>
    </ClInclude>
    <ClInclude Include="src\C++\Poa\PoaGraph.hpp">
      <Filter>Header Files</Filter>
    </ClInclude>
    <ClInclude Include="src\C++\Quiver\Diploid.hpp">
      <Filter>Header Files</Filter>
    </ClInclude>
    <ClInclude Include="src\C++\Quiver\MultiReadMutationScorer.hpp">
      <Filter>Header Files</Filter>
    </ClInclude>
    <ClInclude Include="src\C++\Quiver\MutationScorer.hpp">
      <Filter>Header Files</Filter>
    </ClInclude>
    <ClInclude Include="src\C++\Quiver\QuiverConfig.hpp">
      <Filter>Header Files</Filter>
    </ClInclude>
    <ClInclude Include="src\C++\Quiver\QvEvaluator.hpp">
      <Filter>Header Files</Filter>
    </ClInclude>
    <ClInclude Include="src\C++\Quiver\ReadScorer.hpp">
      <Filter>Header Files</Filter>
    </ClInclude>
    <ClInclude Include="src\C++\Quiver\SimpleRecursor.hpp">
      <Filter>Header Files</Filter>
    </ClInclude>
    <ClInclude Include="src\C++\Quiver\SseRecursor.hpp">
      <Filter>Header Files</Filter>
    </ClInclude>
    <ClInclude Include="src\C++\Quiver\detail\Combiner.hpp">
      <Filter>Header Files</Filter>
    </ClInclude>
    <ClInclude Include="src\C++\Quiver\detail\RecursorBase.hpp">
      <Filter>Header Files</Filter>
    </ClInclude>
    <ClInclude Include="src\C++\Quiver\detail\sse_mathfun.h">
      <Filter>Header Files</Filter>
    </ClInclude>
    <ClInclude Include="src\C++\Quiver\detail\SseMath.hpp">
      <Filter>Header Files</Filter>
    </ClInclude>
    <ClInclude Include="src\C++\Simulation\Random.hpp">
      <Filter>Header Files</Filter>
    </ClInclude>
    <ClInclude Include="src\C++\Simulation\Simulator.hpp">
      <Filter>Header Files</Filter>
    </ClInclude>
    <ClInclude Include="src\C++\Statistics\Binomial.hpp">
      <Filter>Header Files</Filter>
    </ClInclude>
    <ClInclude Include="src\C++\Read.hpp">
      <Filter>Header Files</Filter>
    </ClInclude>
    <ClInclude Include="src\C++\Edna\EdnaConfig.hpp">
      <Filter>Header Files</Filter>
    </ClInclude>
    <ClInclude Include="src\C++\Edna\EdnaCounts.hpp">
      <Filter>Header Files</Filter>
    </ClInclude>
    <ClInclude Include="src\C++\Edna\EdnaEvaluator.hpp">
      <Filter>Header Files</Filter>
    </ClInclude>
    <ClInclude Include="src\C++\Quiver\MutationEnumerator.hpp">
      <Filter>Header Files</Filter>
    </ClInclude>
    <ClInclude Include="src\C++\Quiver\MutationEnumerator-inl.hpp">
      <Filter>Header Files</Filter>
    </ClInclude>
    <ClInclude Include="src\C++\Quiver\QuiverConsensus.hpp">
      <Filter>Header Files</Filter>
    </ClInclude>
    <ClInclude Include="src\C++\Interval.hpp">
      <Filter>Header Files</Filter>
    </ClInclude>
    <ClInclude Include="src\C++\Logging\easylogging++.h">
      <Filter>Header Files</Filter>
    </ClInclude>
    <ClInclude Include="src\C++\Logging\Logging.hpp">
      <Filter>Header Files</Filter>
    </ClInclude>
  </ItemGroup>
  <ItemGroup>
    <None Include="src\SWIG\Edna.i">
      <Filter>Resource Files</Filter>
    </None>
    <None Include="src\SWIG\Evaluator.i">
      <Filter>Resource Files</Filter>
    </None>
    <None Include="src\SWIG\Exceptions.i">
      <Filter>Resource Files</Filter>
    </None>
    <None Include="src\SWIG\Features.i">
      <Filter>Resource Files</Filter>
    </None>
    <None Include="src\SWIG\Matrix.i">
      <Filter>Resource Files</Filter>
    </None>
    <None Include="src\SWIG\numpy.i">
      <Filter>Resource Files</Filter>
    </None>
    <None Include="src\SWIG\PairwiseAlignment.i">
      <Filter>Resource Files</Filter>
    </None>
    <None Include="src\SWIG\PoaConsensus.i">
      <Filter>Resource Files</Filter>
    </None>
    <None Include="src\SWIG\QuiverConsensus.i">
      <Filter>Resource Files</Filter>
    </None>
    <None Include="src\SWIG\Simulation.i">
      <Filter>Resource Files</Filter>
    </None>
    <None Include="src\SWIG\Statistics.i">
      <Filter>Resource Files</Filter>
    </None>
    <None Include="src\SWIG\Types.i">
      <Filter>Resource Files</Filter>
    </None>
    <None Include="src\SWIG\Utils.i">
      <Filter>Resource Files</Filter>
    </None>
    <None Include="src\SWIG\Version.i">
      <Filter>Resource Files</Filter>
    </None>
    <None Include="src\SWIG\ConsensusCore.i">
      <Filter>Resource Files</Filter>
    </None>
  </ItemGroup>
</Project>